// !$*UTF8*$!
{
	archiveVersion = 1;
	classes = {
	};
	objectVersion = 46;
	objects = {

/* Begin PBXBuildFile section */
		070325391A0FC27F00557588 /* プロジェクト39.m4a in Resources */ = {isa = PBXBuildFile; fileRef = 070325381A0FC27F00557588 /* プロジェクト39.m4a */; };
		0703253A1A0FC27F00557588 /* プロジェクト39.m4a in Resources */ = {isa = PBXBuildFile; fileRef = 070325381A0FC27F00557588 /* プロジェクト39.m4a */; };
		0703253C1A0FC29D00557588 /* プロジェクト42 2.m4a in Resources */ = {isa = PBXBuildFile; fileRef = 0703253B1A0FC29D00557588 /* プロジェクト42 2.m4a */; };
		0703253D1A0FC29D00557588 /* プロジェクト42 2.m4a in Resources */ = {isa = PBXBuildFile; fileRef = 0703253B1A0FC29D00557588 /* プロジェクト42 2.m4a */; };
		0703253F1A0FC31200557588 /* PlayScene.swift in Sources */ = {isa = PBXBuildFile; fileRef = 0703253E1A0FC31200557588 /* PlayScene.swift */; };
		070325401A0FC31200557588 /* PlayScene.swift in Sources */ = {isa = PBXBuildFile; fileRef = 0703253E1A0FC31200557588 /* PlayScene.swift */; };
		071DE00719FEB49D0097DB51 /* efg.m4a in Resources */ = {isa = PBXBuildFile; fileRef = 071DE00619FEB49D0097DB51 /* efg.m4a */; };
		071DE00819FEB49D0097DB51 /* efg.m4a in Resources */ = {isa = PBXBuildFile; fileRef = 071DE00619FEB49D0097DB51 /* efg.m4a */; };
		071DE00A19FEB5710097DB51 /* asd.m4a in Resources */ = {isa = PBXBuildFile; fileRef = 071DE00919FEB5710097DB51 /* asd.m4a */; };
		071DE00B19FEB5710097DB51 /* asd.m4a in Resources */ = {isa = PBXBuildFile; fileRef = 071DE00919FEB5710097DB51 /* asd.m4a */; };
		071DE00D19FEB81C0097DB51 /* 5.m4a in Resources */ = {isa = PBXBuildFile; fileRef = 071DE00C19FEB81C0097DB51 /* 5.m4a */; };
		071DE00E19FEB81C0097DB51 /* 5.m4a in Resources */ = {isa = PBXBuildFile; fileRef = 071DE00C19FEB81C0097DB51 /* 5.m4a */; };
		071DE01319FEC25D0097DB51 /* 4.m4a in Resources */ = {isa = PBXBuildFile; fileRef = 071DE01219FEC25D0097DB51 /* 4.m4a */; };
		071DE01419FEC25D0097DB51 /* 4.m4a in Resources */ = {isa = PBXBuildFile; fileRef = 071DE01219FEC25D0097DB51 /* 4.m4a */; };
		072245761A13CF3B00848443 /* MyScene.sks in Resources */ = {isa = PBXBuildFile; fileRef = 072245751A13CF3B00848443 /* MyScene.sks */; };
		072245771A13CF3B00848443 /* MyScene.sks in Resources */ = {isa = PBXBuildFile; fileRef = 072245751A13CF3B00848443 /* MyScene.sks */; };
		073B663719FA949200C09008 /* FirstScene.swift in Sources */ = {isa = PBXBuildFile; fileRef = 073B663619FA949200C09008 /* FirstScene.swift */; };
		073B663819FA949200C09008 /* FirstScene.swift in Sources */ = {isa = PBXBuildFile; fileRef = 073B663619FA949200C09008 /* FirstScene.swift */; };
		073B663A19FA958B00C09008 /* SecondScene.swift in Sources */ = {isa = PBXBuildFile; fileRef = 073B663919FA958B00C09008 /* SecondScene.swift */; };
		073B663B19FA958B00C09008 /* SecondScene.swift in Sources */ = {isa = PBXBuildFile; fileRef = 073B663919FA958B00C09008 /* SecondScene.swift */; };
		073B664019FAB6D000C09008 /* spark.png in Resources */ = {isa = PBXBuildFile; fileRef = 073B663D19FAB6D000C09008 /* spark.png */; };
		073B664119FAB6D000C09008 /* spark.png in Resources */ = {isa = PBXBuildFile; fileRef = 073B663D19FAB6D000C09008 /* spark.png */; };
		074530CE1A12996400F249EC /* spark.sks in Resources */ = {isa = PBXBuildFile; fileRef = 074530CD1A12996400F249EC /* spark.sks */; };
		074530CF1A12996400F249EC /* spark.sks in Resources */ = {isa = PBXBuildFile; fileRef = 074530CD1A12996400F249EC /* spark.sks */; };
		074F80541A1CF2D9008E02DC /* data.json in Resources */ = {isa = PBXBuildFile; fileRef = 074F80531A1CF2D9008E02DC /* data.json */; };
		074F80551A1CF2D9008E02DC /* data.json in Resources */ = {isa = PBXBuildFile; fileRef = 074F80531A1CF2D9008E02DC /* data.json */; };
		0751B9D01A1CEF2E008472ED /* 6.m4a in Resources */ = {isa = PBXBuildFile; fileRef = 0751B9CF1A1CEF2E008472ED /* 6.m4a */; };
		0751B9D11A1CEF2E008472ED /* 6.m4a in Resources */ = {isa = PBXBuildFile; fileRef = 0751B9CF1A1CEF2E008472ED /* 6.m4a */; };
		075312F11A2F674900EE7037 /* EnemyFactory.swift in Sources */ = {isa = PBXBuildFile; fileRef = 075312F01A2F674900EE7037 /* EnemyFactory.swift */; };
		075312F21A2F674900EE7037 /* EnemyFactory.swift in Sources */ = {isa = PBXBuildFile; fileRef = 075312F01A2F674900EE7037 /* EnemyFactory.swift */; };
		077043E91A00EBFF0097B108 /* TitleScene.swift in Sources */ = {isa = PBXBuildFile; fileRef = 077043E81A00EBFF0097B108 /* TitleScene.swift */; };
		077043EA1A00EBFF0097B108 /* TitleScene.swift in Sources */ = {isa = PBXBuildFile; fileRef = 077043E81A00EBFF0097B108 /* TitleScene.swift */; };
		077043EC1A00F2280097B108 /* 1.m4a in Resources */ = {isa = PBXBuildFile; fileRef = 077043EB1A00F2280097B108 /* 1.m4a */; };
		077043ED1A00F2280097B108 /* 1.m4a in Resources */ = {isa = PBXBuildFile; fileRef = 077043EB1A00F2280097B108 /* 1.m4a */; };
		077043EF1A00F2550097B108 /* 2.m4a in Resources */ = {isa = PBXBuildFile; fileRef = 077043EE1A00F2550097B108 /* 2.m4a */; };
		077043F01A00F2550097B108 /* 2.m4a in Resources */ = {isa = PBXBuildFile; fileRef = 077043EE1A00F2550097B108 /* 2.m4a */; };
		077043F21A00F2B20097B108 /* 3.m4a in Resources */ = {isa = PBXBuildFile; fileRef = 077043F11A00F2B20097B108 /* 3.m4a */; };
		077043F31A00F2B20097B108 /* 3.m4a in Resources */ = {isa = PBXBuildFile; fileRef = 077043F11A00F2B20097B108 /* 3.m4a */; };
		078954FD1A14F75B00CAAA60 /* PlayScene.sks in Resources */ = {isa = PBXBuildFile; fileRef = 078954FC1A14F75B00CAAA60 /* PlayScene.sks */; };
		078954FE1A14F75B00CAAA60 /* PlayScene.sks in Resources */ = {isa = PBXBuildFile; fileRef = 078954FC1A14F75B00CAAA60 /* PlayScene.sks */; };
		0799962C1A360033009985BA /* 0.m4a in Resources */ = {isa = PBXBuildFile; fileRef = 0799962B1A360033009985BA /* 0.m4a */; };
		0799962D1A360033009985BA /* 0.m4a in Resources */ = {isa = PBXBuildFile; fileRef = 0799962B1A360033009985BA /* 0.m4a */; };
		07B3617D19FD5B7300FD332E /* hommage.mp3 in Resources */ = {isa = PBXBuildFile; fileRef = 07B3617C19FD5B7300FD332E /* hommage.mp3 */; };
		07B3617E19FD5B7300FD332E /* hommage.mp3 in Resources */ = {isa = PBXBuildFile; fileRef = 07B3617C19FD5B7300FD332E /* hommage.mp3 */; };
		07B7341319F939A0006C8205 /* AppDelegate.swift in Sources */ = {isa = PBXBuildFile; fileRef = 07B7341219F939A0006C8205 /* AppDelegate.swift */; };
		07B7341519F939A0006C8205 /* GameScene.sks in Resources */ = {isa = PBXBuildFile; fileRef = 07B7341419F939A0006C8205 /* GameScene.sks */; };
		07B7341719F939A0006C8205 /* GameScene.swift in Sources */ = {isa = PBXBuildFile; fileRef = 07B7341619F939A0006C8205 /* GameScene.swift */; };
		07B7341919F939A0006C8205 /* GameViewController.swift in Sources */ = {isa = PBXBuildFile; fileRef = 07B7341819F939A0006C8205 /* GameViewController.swift */; };
		07B7341C19F939A0006C8205 /* Main.storyboard in Resources */ = {isa = PBXBuildFile; fileRef = 07B7341A19F939A0006C8205 /* Main.storyboard */; };
		07B7341E19F939A0006C8205 /* Images.xcassets in Resources */ = {isa = PBXBuildFile; fileRef = 07B7341D19F939A0006C8205 /* Images.xcassets */; };
		07B7342119F939A0006C8205 /* LaunchScreen.xib in Resources */ = {isa = PBXBuildFile; fileRef = 07B7341F19F939A0006C8205 /* LaunchScreen.xib */; };
		07B7342D19F939A1006C8205 /* ShotTests.swift in Sources */ = {isa = PBXBuildFile; fileRef = 07B7342C19F939A1006C8205 /* ShotTests.swift */; };
		07B7343819F93A43006C8205 /* GameScene.swift in Sources */ = {isa = PBXBuildFile; fileRef = 07B7341619F939A0006C8205 /* GameScene.swift */; };
		07B7343919F93A43006C8205 /* GameViewController.swift in Sources */ = {isa = PBXBuildFile; fileRef = 07B7341819F939A0006C8205 /* GameViewController.swift */; };
		07B7343A19F93A43006C8205 /* AppDelegate.swift in Sources */ = {isa = PBXBuildFile; fileRef = 07B7341219F939A0006C8205 /* AppDelegate.swift */; };
		07B7343E19F93A43006C8205 /* Images.xcassets in Resources */ = {isa = PBXBuildFile; fileRef = 07B7341D19F939A0006C8205 /* Images.xcassets */; };
		07B7343F19F93A43006C8205 /* GameScene.sks in Resources */ = {isa = PBXBuildFile; fileRef = 07B7341419F939A0006C8205 /* GameScene.sks */; };
		07B7344019F93A43006C8205 /* Main.storyboard in Resources */ = {isa = PBXBuildFile; fileRef = 07B7341A19F939A0006C8205 /* Main.storyboard */; };
		07B7344919F93A45006C8205 /* LaunchScreen.xib in Resources */ = {isa = PBXBuildFile; fileRef = 07B7344719F93A45006C8205 /* LaunchScreen.xib */; };
		07BFCE3319FB5F5E00B0342A /* SKButtonNode.swift in Sources */ = {isa = PBXBuildFile; fileRef = 07BFCE3219FB5F5E00B0342A /* SKButtonNode.swift */; };
		07BFCE3419FB5F5E00B0342A /* SKButtonNode.swift in Sources */ = {isa = PBXBuildFile; fileRef = 07BFCE3219FB5F5E00B0342A /* SKButtonNode.swift */; };
		07BFCE3619FB65FD00B0342A /* SKTitleScene.swift in Sources */ = {isa = PBXBuildFile; fileRef = 07BFCE3519FB65FD00B0342A /* SKTitleScene.swift */; };
		07BFCE3719FB65FD00B0342A /* SKTitleScene.swift in Sources */ = {isa = PBXBuildFile; fileRef = 07BFCE3519FB65FD00B0342A /* SKTitleScene.swift */; };
		07BFCE3919FB6C9700B0342A /* SKPlayScene.swift in Sources */ = {isa = PBXBuildFile; fileRef = 07BFCE3819FB6C9700B0342A /* SKPlayScene.swift */; };
		07BFCE3A19FB6C9700B0342A /* SKPlayScene.swift in Sources */ = {isa = PBXBuildFile; fileRef = 07BFCE3819FB6C9700B0342A /* SKPlayScene.swift */; };
		07BFCE3F19FB797F00B0342A /* SKHeroNode.swift in Sources */ = {isa = PBXBuildFile; fileRef = 07BFCE3E19FB797F00B0342A /* SKHeroNode.swift */; };
		07BFCE4019FB797F00B0342A /* SKHeroNode.swift in Sources */ = {isa = PBXBuildFile; fileRef = 07BFCE3E19FB797F00B0342A /* SKHeroNode.swift */; };
		07DC2DF819FBC4C700512340 /* SKGameOverScene.swift in Sources */ = {isa = PBXBuildFile; fileRef = 07DC2DF719FBC4C700512340 /* SKGameOverScene.swift */; };
		07DC2DF919FBC4C700512340 /* SKGameOverScene.swift in Sources */ = {isa = PBXBuildFile; fileRef = 07DC2DF719FBC4C700512340 /* SKGameOverScene.swift */; };
/* End PBXBuildFile section */

/* Begin PBXContainerItemProxy section */
		07B7342719F939A1006C8205 /* PBXContainerItemProxy */ = {
			isa = PBXContainerItemProxy;
			containerPortal = 07B7340519F939A0006C8205 /* Project object */;
			proxyType = 1;
			remoteGlobalIDString = 07B7340C19F939A0006C8205;
			remoteInfo = Shot;
		};
/* End PBXContainerItemProxy section */

/* Begin PBXFileReference section */
		070325381A0FC27F00557588 /* プロジェクト39.m4a */ = {isa = PBXFileReference; lastKnownFileType = file; path = "プロジェクト39.m4a"; sourceTree = "<group>"; };
		0703253B1A0FC29D00557588 /* プロジェクト42 2.m4a */ = {isa = PBXFileReference; lastKnownFileType = file; path = "プロジェクト42 2.m4a"; sourceTree = "<group>"; };
		0703253E1A0FC31200557588 /* PlayScene.swift */ = {isa = PBXFileReference; fileEncoding = 4; lastKnownFileType = sourcecode.swift; path = PlayScene.swift; sourceTree = "<group>"; };
		071DE00619FEB49D0097DB51 /* efg.m4a */ = {isa = PBXFileReference; lastKnownFileType = file; path = efg.m4a; sourceTree = "<group>"; };
		071DE00919FEB5710097DB51 /* asd.m4a */ = {isa = PBXFileReference; lastKnownFileType = file; path = asd.m4a; sourceTree = "<group>"; };
		071DE00C19FEB81C0097DB51 /* 5.m4a */ = {isa = PBXFileReference; lastKnownFileType = file; path = 5.m4a; sourceTree = "<group>"; };
		071DE01219FEC25D0097DB51 /* 4.m4a */ = {isa = PBXFileReference; lastKnownFileType = file; path = 4.m4a; sourceTree = "<group>"; };
		072245751A13CF3B00848443 /* MyScene.sks */ = {isa = PBXFileReference; lastKnownFileType = file.sks; path = MyScene.sks; sourceTree = "<group>"; };
		073B663619FA949200C09008 /* FirstScene.swift */ = {isa = PBXFileReference; fileEncoding = 4; lastKnownFileType = sourcecode.swift; path = FirstScene.swift; sourceTree = "<group>"; };
		073B663919FA958B00C09008 /* SecondScene.swift */ = {isa = PBXFileReference; fileEncoding = 4; lastKnownFileType = sourcecode.swift; path = SecondScene.swift; sourceTree = "<group>"; };
		073B663D19FAB6D000C09008 /* spark.png */ = {isa = PBXFileReference; lastKnownFileType = image.png; path = spark.png; sourceTree = "<group>"; };
		074530CD1A12996400F249EC /* spark.sks */ = {isa = PBXFileReference; lastKnownFileType = file.sks; path = spark.sks; sourceTree = "<group>"; };
		074F80531A1CF2D9008E02DC /* data.json */ = {isa = PBXFileReference; fileEncoding = 4; lastKnownFileType = text.json; path = data.json; sourceTree = "<group>"; };
		0751B9CF1A1CEF2E008472ED /* 6.m4a */ = {isa = PBXFileReference; lastKnownFileType = file; path = 6.m4a; sourceTree = "<group>"; };
		075312F01A2F674900EE7037 /* EnemyFactory.swift */ = {isa = PBXFileReference; fileEncoding = 4; lastKnownFileType = sourcecode.swift; path = EnemyFactory.swift; sourceTree = "<group>"; };
		077043E81A00EBFF0097B108 /* TitleScene.swift */ = {isa = PBXFileReference; fileEncoding = 4; lastKnownFileType = sourcecode.swift; path = TitleScene.swift; sourceTree = "<group>"; };
		077043EB1A00F2280097B108 /* 1.m4a */ = {isa = PBXFileReference; lastKnownFileType = file; path = 1.m4a; sourceTree = "<group>"; };
		077043EE1A00F2550097B108 /* 2.m4a */ = {isa = PBXFileReference; lastKnownFileType = file; path = 2.m4a; sourceTree = "<group>"; };
		077043F11A00F2B20097B108 /* 3.m4a */ = {isa = PBXFileReference; lastKnownFileType = file; path = 3.m4a; sourceTree = "<group>"; };
		078954FC1A14F75B00CAAA60 /* PlayScene.sks */ = {isa = PBXFileReference; lastKnownFileType = file.sks; path = PlayScene.sks; sourceTree = "<group>"; };
		0799962B1A360033009985BA /* 0.m4a */ = {isa = PBXFileReference; lastKnownFileType = file; path = 0.m4a; sourceTree = "<group>"; };
		07B3617C19FD5B7300FD332E /* hommage.mp3 */ = {isa = PBXFileReference; lastKnownFileType = audio.mp3; path = hommage.mp3; sourceTree = "<group>"; };
		07B7340D19F939A0006C8205 /* Shot.app */ = {isa = PBXFileReference; explicitFileType = wrapper.application; includeInIndex = 0; path = Shot.app; sourceTree = BUILT_PRODUCTS_DIR; };
		07B7341119F939A0006C8205 /* Info.plist */ = {isa = PBXFileReference; lastKnownFileType = text.plist.xml; path = Info.plist; sourceTree = "<group>"; };
		07B7341219F939A0006C8205 /* AppDelegate.swift */ = {isa = PBXFileReference; lastKnownFileType = sourcecode.swift; path = AppDelegate.swift; sourceTree = "<group>"; };
		07B7341419F939A0006C8205 /* GameScene.sks */ = {isa = PBXFileReference; lastKnownFileType = file.sks; path = GameScene.sks; sourceTree = "<group>"; };
		07B7341619F939A0006C8205 /* GameScene.swift */ = {isa = PBXFileReference; lastKnownFileType = sourcecode.swift; path = GameScene.swift; sourceTree = "<group>"; };
		07B7341819F939A0006C8205 /* GameViewController.swift */ = {isa = PBXFileReference; lastKnownFileType = sourcecode.swift; path = GameViewController.swift; sourceTree = "<group>"; };
		07B7341B19F939A0006C8205 /* Base */ = {isa = PBXFileReference; lastKnownFileType = file.storyboard; name = Base; path = Base.lproj/Main.storyboard; sourceTree = "<group>"; };
		07B7341D19F939A0006C8205 /* Images.xcassets */ = {isa = PBXFileReference; lastKnownFileType = folder.assetcatalog; path = Images.xcassets; sourceTree = "<group>"; };
		07B7342019F939A0006C8205 /* Base */ = {isa = PBXFileReference; lastKnownFileType = file.xib; name = Base; path = Base.lproj/LaunchScreen.xib; sourceTree = "<group>"; };
		07B7342619F939A1006C8205 /* ShotTests.xctest */ = {isa = PBXFileReference; explicitFileType = wrapper.cfbundle; includeInIndex = 0; path = ShotTests.xctest; sourceTree = BUILT_PRODUCTS_DIR; };
		07B7342B19F939A1006C8205 /* Info.plist */ = {isa = PBXFileReference; lastKnownFileType = text.plist.xml; path = Info.plist; sourceTree = "<group>"; };
		07B7342C19F939A1006C8205 /* ShotTests.swift */ = {isa = PBXFileReference; lastKnownFileType = sourcecode.swift; path = ShotTests.swift; sourceTree = "<group>"; };
		07B7344419F93A43006C8205 /* Shot-iPad.app */ = {isa = PBXFileReference; explicitFileType = wrapper.application; includeInIndex = 0; path = "Shot-iPad.app"; sourceTree = BUILT_PRODUCTS_DIR; };
		07B7344619F93A43006C8205 /* Shot copy-Info.plist */ = {isa = PBXFileReference; lastKnownFileType = text.plist.xml; name = "Shot copy-Info.plist"; path = "/Users/yoshimura/Documents/Shot/Shot copy-Info.plist"; sourceTree = "<absolute>"; };
		07B7344819F93A45006C8205 /* Base */ = {isa = PBXFileReference; lastKnownFileType = file.xib; name = Base; path = "Resources-iPad/Shot/Base.lproj/LaunchScreen.xib"; sourceTree = "<group>"; };
		07BFCE3219FB5F5E00B0342A /* SKButtonNode.swift */ = {isa = PBXFileReference; fileEncoding = 4; lastKnownFileType = sourcecode.swift; path = SKButtonNode.swift; sourceTree = "<group>"; };
		07BFCE3519FB65FD00B0342A /* SKTitleScene.swift */ = {isa = PBXFileReference; fileEncoding = 4; lastKnownFileType = sourcecode.swift; path = SKTitleScene.swift; sourceTree = "<group>"; };
		07BFCE3819FB6C9700B0342A /* SKPlayScene.swift */ = {isa = PBXFileReference; fileEncoding = 4; lastKnownFileType = sourcecode.swift; path = SKPlayScene.swift; sourceTree = "<group>"; };
		07BFCE3E19FB797F00B0342A /* SKHeroNode.swift */ = {isa = PBXFileReference; fileEncoding = 4; lastKnownFileType = sourcecode.swift; path = SKHeroNode.swift; sourceTree = "<group>"; };
		07DC2DF719FBC4C700512340 /* SKGameOverScene.swift */ = {isa = PBXFileReference; fileEncoding = 4; lastKnownFileType = sourcecode.swift; path = SKGameOverScene.swift; sourceTree = "<group>"; };
/* End PBXFileReference section */

/* Begin PBXFrameworksBuildPhase section */
		07B7340A19F939A0006C8205 /* Frameworks */ = {
			isa = PBXFrameworksBuildPhase;
			buildActionMask = 2147483647;
			files = (
			);
			runOnlyForDeploymentPostprocessing = 0;
		};
		07B7342319F939A1006C8205 /* Frameworks */ = {
			isa = PBXFrameworksBuildPhase;
			buildActionMask = 2147483647;
			files = (
			);
			runOnlyForDeploymentPostprocessing = 0;
		};
		07B7343B19F93A43006C8205 /* Frameworks */ = {
			isa = PBXFrameworksBuildPhase;
			buildActionMask = 2147483647;
			files = (
			);
			runOnlyForDeploymentPostprocessing = 0;
		};
/* End PBXFrameworksBuildPhase section */

/* Begin PBXGroup section */
		07B7340419F939A0006C8205 = {
			isa = PBXGroup;
			children = (
				07B7344519F93A43006C8205 /* Resources-iPad */,
				07B7340F19F939A0006C8205 /* Shot */,
				07B7342919F939A1006C8205 /* ShotTests */,
				07B7344619F93A43006C8205 /* Shot copy-Info.plist */,
				07E4572019FD724C005AB39D /* Frameworks */,
				07B7340E19F939A0006C8205 /* Products */,
			);
			sourceTree = "<group>";
		};
		07B7340E19F939A0006C8205 /* Products */ = {
			isa = PBXGroup;
			children = (
				07B7340D19F939A0006C8205 /* Shot.app */,
				07B7342619F939A1006C8205 /* ShotTests.xctest */,
				07B7344419F93A43006C8205 /* Shot-iPad.app */,
			);
			name = Products;
			sourceTree = "<group>";
		};
		07B7340F19F939A0006C8205 /* Shot */ = {
			isa = PBXGroup;
			children = (
				07B7344C19F93E4A006C8205 /* Resources */,
				07B7341219F939A0006C8205 /* AppDelegate.swift */,
				07B7341419F939A0006C8205 /* GameScene.sks */,
				072245751A13CF3B00848443 /* MyScene.sks */,
				078954FC1A14F75B00CAAA60 /* PlayScene.sks */,
				0703253E1A0FC31200557588 /* PlayScene.swift */,
				075312F01A2F674900EE7037 /* EnemyFactory.swift */,
				07B7341819F939A0006C8205 /* GameViewController.swift */,
				07B7341619F939A0006C8205 /* GameScene.swift */,
				07B7341A19F939A0006C8205 /* Main.storyboard */,
				07B7341D19F939A0006C8205 /* Images.xcassets */,
				07B7341F19F939A0006C8205 /* LaunchScreen.xib */,
				073B663619FA949200C09008 /* FirstScene.swift */,
				074530CD1A12996400F249EC /* spark.sks */,
				073B663D19FAB6D000C09008 /* spark.png */,
				073B663919FA958B00C09008 /* SecondScene.swift */,
				07BFCE3219FB5F5E00B0342A /* SKButtonNode.swift */,
				07BFCE3E19FB797F00B0342A /* SKHeroNode.swift */,
				07BFCE3519FB65FD00B0342A /* SKTitleScene.swift */,
				07BFCE3819FB6C9700B0342A /* SKPlayScene.swift */,
				07DC2DF719FBC4C700512340 /* SKGameOverScene.swift */,
				077043E81A00EBFF0097B108 /* TitleScene.swift */,
				07B7341019F939A0006C8205 /* Supporting Files */,
			);
			path = Shot;
			sourceTree = "<group>";
		};
		07B7341019F939A0006C8205 /* Supporting Files */ = {
			isa = PBXGroup;
			children = (
				07B7341119F939A0006C8205 /* Info.plist */,
			);
			name = "Supporting Files";
			sourceTree = "<group>";
		};
		07B7342919F939A1006C8205 /* ShotTests */ = {
			isa = PBXGroup;
			children = (
				07B7342C19F939A1006C8205 /* ShotTests.swift */,
				07B7342A19F939A1006C8205 /* Supporting Files */,
			);
			path = ShotTests;
			sourceTree = "<group>";
		};
		07B7342A19F939A1006C8205 /* Supporting Files */ = {
			isa = PBXGroup;
			children = (
				07B7342B19F939A1006C8205 /* Info.plist */,
			);
			name = "Supporting Files";
			sourceTree = "<group>";
		};
		07B7344519F93A43006C8205 /* Resources-iPad */ = {
			isa = PBXGroup;
			children = (
				07B7344719F93A45006C8205 /* LaunchScreen.xib */,
			);
			name = "Resources-iPad";
			sourceTree = "<group>";
		};
		07B7344C19F93E4A006C8205 /* Resources */ = {
			isa = PBXGroup;
			children = (
				07B3617C19FD5B7300FD332E /* hommage.mp3 */,
				071DE00619FEB49D0097DB51 /* efg.m4a */,
				071DE00919FEB5710097DB51 /* asd.m4a */,
				0751B9CF1A1CEF2E008472ED /* 6.m4a */,
				077043EB1A00F2280097B108 /* 1.m4a */,
				077043EE1A00F2550097B108 /* 2.m4a */,
				077043F11A00F2B20097B108 /* 3.m4a */,
				071DE01219FEC25D0097DB51 /* 4.m4a */,
				071DE00C19FEB81C0097DB51 /* 5.m4a */,
				0799962B1A360033009985BA /* 0.m4a */,
				070325381A0FC27F00557588 /* プロジェクト39.m4a */,
				0703253B1A0FC29D00557588 /* プロジェクト42 2.m4a */,
				074F80531A1CF2D9008E02DC /* data.json */,
			);
			name = Resources;
			sourceTree = "<group>";
		};
		07E4572019FD724C005AB39D /* Frameworks */ = {
			isa = PBXGroup;
			children = (
			);
			name = Frameworks;
			sourceTree = "<group>";
		};
/* End PBXGroup section */

/* Begin PBXNativeTarget section */
		07B7340C19F939A0006C8205 /* Shot */ = {
			isa = PBXNativeTarget;
			buildConfigurationList = 07B7343019F939A1006C8205 /* Build configuration list for PBXNativeTarget "Shot" */;
			buildPhases = (
				07B7340919F939A0006C8205 /* Sources */,
				07B7340A19F939A0006C8205 /* Frameworks */,
				07B7340B19F939A0006C8205 /* Resources */,
			);
			buildRules = (
			);
			dependencies = (
			);
			name = Shot;
			productName = Shot;
			productReference = 07B7340D19F939A0006C8205 /* Shot.app */;
			productType = "com.apple.product-type.application";
		};
		07B7342519F939A1006C8205 /* ShotTests */ = {
			isa = PBXNativeTarget;
			buildConfigurationList = 07B7343319F939A1006C8205 /* Build configuration list for PBXNativeTarget "ShotTests" */;
			buildPhases = (
				07B7342219F939A1006C8205 /* Sources */,
				07B7342319F939A1006C8205 /* Frameworks */,
				07B7342419F939A1006C8205 /* Resources */,
			);
			buildRules = (
			);
			dependencies = (
				07B7342819F939A1006C8205 /* PBXTargetDependency */,
			);
			name = ShotTests;
			productName = ShotTests;
			productReference = 07B7342619F939A1006C8205 /* ShotTests.xctest */;
			productType = "com.apple.product-type.bundle.unit-test";
		};
		07B7343619F93A43006C8205 /* Shot-iPad */ = {
			isa = PBXNativeTarget;
			buildConfigurationList = 07B7344119F93A43006C8205 /* Build configuration list for PBXNativeTarget "Shot-iPad" */;
			buildPhases = (
				07B7343719F93A43006C8205 /* Sources */,
				07B7343B19F93A43006C8205 /* Frameworks */,
				07B7343C19F93A43006C8205 /* Resources */,
			);
			buildRules = (
			);
			dependencies = (
			);
			name = "Shot-iPad";
			productName = Shot;
			productReference = 07B7344419F93A43006C8205 /* Shot-iPad.app */;
			productType = "com.apple.product-type.application";
		};
/* End PBXNativeTarget section */

/* Begin PBXProject section */
		07B7340519F939A0006C8205 /* Project object */ = {
			isa = PBXProject;
			attributes = {
				LastUpgradeCheck = 0610;
				ORGANIZATIONNAME = yoshimura;
				TargetAttributes = {
					07B7340C19F939A0006C8205 = {
						CreatedOnToolsVersion = 6.1;
						DevelopmentTeam = 23HGCW7W89;
					};
					07B7342519F939A1006C8205 = {
						CreatedOnToolsVersion = 6.1;
						TestTargetID = 07B7340C19F939A0006C8205;
					};
				};
			};
			buildConfigurationList = 07B7340819F939A0006C8205 /* Build configuration list for PBXProject "Shot" */;
			compatibilityVersion = "Xcode 3.2";
			developmentRegion = English;
			hasScannedForEncodings = 0;
			knownRegions = (
				en,
				Base,
			);
			mainGroup = 07B7340419F939A0006C8205;
			productRefGroup = 07B7340E19F939A0006C8205 /* Products */;
			projectDirPath = "";
			projectRoot = "";
			targets = (
				07B7340C19F939A0006C8205 /* Shot */,
				07B7342519F939A1006C8205 /* ShotTests */,
				07B7343619F93A43006C8205 /* Shot-iPad */,
			);
		};
/* End PBXProject section */

/* Begin PBXResourcesBuildPhase section */
		07B7340B19F939A0006C8205 /* Resources */ = {
			isa = PBXResourcesBuildPhase;
			buildActionMask = 2147483647;
			files = (
				072245761A13CF3B00848443 /* MyScene.sks in Resources */,
				070325391A0FC27F00557588 /* プロジェクト39.m4a in Resources */,
				07B7342119F939A0006C8205 /* LaunchScreen.xib in Resources */,
				07B7341E19F939A0006C8205 /* Images.xcassets in Resources */,
				071DE00719FEB49D0097DB51 /* efg.m4a in Resources */,
				07B7341519F939A0006C8205 /* GameScene.sks in Resources */,
				0751B9D01A1CEF2E008472ED /* 6.m4a in Resources */,
				071DE01319FEC25D0097DB51 /* 4.m4a in Resources */,
				0799962C1A360033009985BA /* 0.m4a in Resources */,
				07B7341C19F939A0006C8205 /* Main.storyboard in Resources */,
				077043EF1A00F2550097B108 /* 2.m4a in Resources */,
				0703253C1A0FC29D00557588 /* プロジェクト42 2.m4a in Resources */,
				074F80541A1CF2D9008E02DC /* data.json in Resources */,
				071DE00A19FEB5710097DB51 /* asd.m4a in Resources */,
				07B3617D19FD5B7300FD332E /* hommage.mp3 in Resources */,
				077043EC1A00F2280097B108 /* 1.m4a in Resources */,
				078954FD1A14F75B00CAAA60 /* PlayScene.sks in Resources */,
				073B664019FAB6D000C09008 /* spark.png in Resources */,
				071DE00D19FEB81C0097DB51 /* 5.m4a in Resources */,
				077043F21A00F2B20097B108 /* 3.m4a in Resources */,
				074530CE1A12996400F249EC /* spark.sks in Resources */,
			);
			runOnlyForDeploymentPostprocessing = 0;
		};
		07B7342419F939A1006C8205 /* Resources */ = {
			isa = PBXResourcesBuildPhase;
			buildActionMask = 2147483647;
			files = (
			);
			runOnlyForDeploymentPostprocessing = 0;
		};
		07B7343C19F93A43006C8205 /* Resources */ = {
			isa = PBXResourcesBuildPhase;
			buildActionMask = 2147483647;
			files = (
				078954FE1A14F75B00CAAA60 /* PlayScene.sks in Resources */,
				077043ED1A00F2280097B108 /* 1.m4a in Resources */,
				071DE00B19FEB5710097DB51 /* asd.m4a in Resources */,
				0703253A1A0FC27F00557588 /* プロジェクト39.m4a in Resources */,
				0751B9D11A1CEF2E008472ED /* 6.m4a in Resources */,
				077043F31A00F2B20097B108 /* 3.m4a in Resources */,
				074530CF1A12996400F249EC /* spark.sks in Resources */,
				07B7344919F93A45006C8205 /* LaunchScreen.xib in Resources */,
				0799962D1A360033009985BA /* 0.m4a in Resources */,
				07B7343E19F93A43006C8205 /* Images.xcassets in Resources */,
				07B3617E19FD5B7300FD332E /* hommage.mp3 in Resources */,
				071DE01419FEC25D0097DB51 /* 4.m4a in Resources */,
				074F80551A1CF2D9008E02DC /* data.json in Resources */,
				073B664119FAB6D000C09008 /* spark.png in Resources */,
				071DE00E19FEB81C0097DB51 /* 5.m4a in Resources */,
				07B7343F19F93A43006C8205 /* GameScene.sks in Resources */,
				07B7344019F93A43006C8205 /* Main.storyboard in Resources */,
				0703253D1A0FC29D00557588 /* プロジェクト42 2.m4a in Resources */,
				077043F01A00F2550097B108 /* 2.m4a in Resources */,
				071DE00819FEB49D0097DB51 /* efg.m4a in Resources */,
				072245771A13CF3B00848443 /* MyScene.sks in Resources */,
			);
			runOnlyForDeploymentPostprocessing = 0;
		};
/* End PBXResourcesBuildPhase section */

/* Begin PBXSourcesBuildPhase section */
		07B7340919F939A0006C8205 /* Sources */ = {
			isa = PBXSourcesBuildPhase;
			buildActionMask = 2147483647;
			files = (
				07BFCE3F19FB797F00B0342A /* SKHeroNode.swift in Sources */,
				07B7341719F939A0006C8205 /* GameScene.swift in Sources */,
				073B663A19FA958B00C09008 /* SecondScene.swift in Sources */,
				073B663719FA949200C09008 /* FirstScene.swift in Sources */,
				07BFCE3619FB65FD00B0342A /* SKTitleScene.swift in Sources */,
				075312F11A2F674900EE7037 /* EnemyFactory.swift in Sources */,
				07DC2DF819FBC4C700512340 /* SKGameOverScene.swift in Sources */,
				07BFCE3319FB5F5E00B0342A /* SKButtonNode.swift in Sources */,
				07B7341919F939A0006C8205 /* GameViewController.swift in Sources */,
				07BFCE3919FB6C9700B0342A /* SKPlayScene.swift in Sources */,
				0703253F1A0FC31200557588 /* PlayScene.swift in Sources */,
				07B7341319F939A0006C8205 /* AppDelegate.swift in Sources */,
				077043E91A00EBFF0097B108 /* TitleScene.swift in Sources */,
			);
			runOnlyForDeploymentPostprocessing = 0;
		};
		07B7342219F939A1006C8205 /* Sources */ = {
			isa = PBXSourcesBuildPhase;
			buildActionMask = 2147483647;
			files = (
				07B7342D19F939A1006C8205 /* ShotTests.swift in Sources */,
			);
			runOnlyForDeploymentPostprocessing = 0;
		};
		07B7343719F93A43006C8205 /* Sources */ = {
			isa = PBXSourcesBuildPhase;
			buildActionMask = 2147483647;
			files = (
				07BFCE4019FB797F00B0342A /* SKHeroNode.swift in Sources */,
				07B7343819F93A43006C8205 /* GameScene.swift in Sources */,
				073B663B19FA958B00C09008 /* SecondScene.swift in Sources */,
				073B663819FA949200C09008 /* FirstScene.swift in Sources */,
				07BFCE3719FB65FD00B0342A /* SKTitleScene.swift in Sources */,
				075312F21A2F674900EE7037 /* EnemyFactory.swift in Sources */,
				07DC2DF919FBC4C700512340 /* SKGameOverScene.swift in Sources */,
				07BFCE3419FB5F5E00B0342A /* SKButtonNode.swift in Sources */,
				07B7343919F93A43006C8205 /* GameViewController.swift in Sources */,
				07BFCE3A19FB6C9700B0342A /* SKPlayScene.swift in Sources */,
				070325401A0FC31200557588 /* PlayScene.swift in Sources */,
				07B7343A19F93A43006C8205 /* AppDelegate.swift in Sources */,
				077043EA1A00EBFF0097B108 /* TitleScene.swift in Sources */,
			);
			runOnlyForDeploymentPostprocessing = 0;
		};
/* End PBXSourcesBuildPhase section */

/* Begin PBXTargetDependency section */
		07B7342819F939A1006C8205 /* PBXTargetDependency */ = {
			isa = PBXTargetDependency;
			target = 07B7340C19F939A0006C8205 /* Shot */;
			targetProxy = 07B7342719F939A1006C8205 /* PBXContainerItemProxy */;
		};
/* End PBXTargetDependency section */

/* Begin PBXVariantGroup section */
		07B7341A19F939A0006C8205 /* Main.storyboard */ = {
			isa = PBXVariantGroup;
			children = (
				07B7341B19F939A0006C8205 /* Base */,
			);
			name = Main.storyboard;
			sourceTree = "<group>";
		};
		07B7341F19F939A0006C8205 /* LaunchScreen.xib */ = {
			isa = PBXVariantGroup;
			children = (
				07B7342019F939A0006C8205 /* Base */,
			);
			name = LaunchScreen.xib;
			sourceTree = "<group>";
		};
		07B7344719F93A45006C8205 /* LaunchScreen.xib */ = {
			isa = PBXVariantGroup;
			children = (
				07B7344819F93A45006C8205 /* Base */,
			);
			name = LaunchScreen.xib;
			sourceTree = "<group>";
		};
/* End PBXVariantGroup section */

/* Begin XCBuildConfiguration section */
		07B7342E19F939A1006C8205 /* Debug */ = {
			isa = XCBuildConfiguration;
			buildSettings = {
				ALWAYS_SEARCH_USER_PATHS = NO;
				CLANG_CXX_LANGUAGE_STANDARD = "gnu++0x";
				CLANG_CXX_LIBRARY = "libc++";
				CLANG_ENABLE_MODULES = YES;
				CLANG_ENABLE_OBJC_ARC = YES;
				CLANG_WARN_BOOL_CONVERSION = YES;
				CLANG_WARN_CONSTANT_CONVERSION = YES;
				CLANG_WARN_DIRECT_OBJC_ISA_USAGE = YES_ERROR;
				CLANG_WARN_EMPTY_BODY = YES;
				CLANG_WARN_ENUM_CONVERSION = YES;
				CLANG_WARN_INT_CONVERSION = YES;
				CLANG_WARN_OBJC_ROOT_CLASS = YES_ERROR;
				CLANG_WARN_UNREACHABLE_CODE = YES;
				CLANG_WARN__DUPLICATE_METHOD_MATCH = YES;
				"CODE_SIGN_IDENTITY[sdk=iphoneos*]" = "iPhone Developer";
				COPY_PHASE_STRIP = NO;
				ENABLE_STRICT_OBJC_MSGSEND = YES;
				GCC_C_LANGUAGE_STANDARD = gnu99;
				GCC_DYNAMIC_NO_PIC = NO;
				GCC_OPTIMIZATION_LEVEL = 0;
				GCC_PREPROCESSOR_DEFINITIONS = (
					"DEBUG=1",
					"$(inherited)",
				);
				GCC_SYMBOLS_PRIVATE_EXTERN = NO;
				GCC_WARN_64_TO_32_BIT_CONVERSION = YES;
				GCC_WARN_ABOUT_RETURN_TYPE = YES_ERROR;
				GCC_WARN_UNDECLARED_SELECTOR = YES;
				GCC_WARN_UNINITIALIZED_AUTOS = YES_AGGRESSIVE;
				GCC_WARN_UNUSED_FUNCTION = YES;
				GCC_WARN_UNUSED_VARIABLE = YES;
				IPHONEOS_DEPLOYMENT_TARGET = 8.1;
				MTL_ENABLE_DEBUG_INFO = YES;
				ONLY_ACTIVE_ARCH = YES;
				SDKROOT = iphoneos;
				SWIFT_OPTIMIZATION_LEVEL = "-Onone";
			};
			name = Debug;
		};
		07B7342F19F939A1006C8205 /* Release */ = {
			isa = XCBuildConfiguration;
			buildSettings = {
				ALWAYS_SEARCH_USER_PATHS = NO;
				CLANG_CXX_LANGUAGE_STANDARD = "gnu++0x";
				CLANG_CXX_LIBRARY = "libc++";
				CLANG_ENABLE_MODULES = YES;
				CLANG_ENABLE_OBJC_ARC = YES;
				CLANG_WARN_BOOL_CONVERSION = YES;
				CLANG_WARN_CONSTANT_CONVERSION = YES;
				CLANG_WARN_DIRECT_OBJC_ISA_USAGE = YES_ERROR;
				CLANG_WARN_EMPTY_BODY = YES;
				CLANG_WARN_ENUM_CONVERSION = YES;
				CLANG_WARN_INT_CONVERSION = YES;
				CLANG_WARN_OBJC_ROOT_CLASS = YES_ERROR;
				CLANG_WARN_UNREACHABLE_CODE = YES;
				CLANG_WARN__DUPLICATE_METHOD_MATCH = YES;
				"CODE_SIGN_IDENTITY[sdk=iphoneos*]" = "iPhone Developer";
				COPY_PHASE_STRIP = YES;
				ENABLE_NS_ASSERTIONS = NO;
				ENABLE_STRICT_OBJC_MSGSEND = YES;
				GCC_C_LANGUAGE_STANDARD = gnu99;
				GCC_WARN_64_TO_32_BIT_CONVERSION = YES;
				GCC_WARN_ABOUT_RETURN_TYPE = YES_ERROR;
				GCC_WARN_UNDECLARED_SELECTOR = YES;
				GCC_WARN_UNINITIALIZED_AUTOS = YES_AGGRESSIVE;
				GCC_WARN_UNUSED_FUNCTION = YES;
				GCC_WARN_UNUSED_VARIABLE = YES;
				IPHONEOS_DEPLOYMENT_TARGET = 8.1;
				MTL_ENABLE_DEBUG_INFO = NO;
				SDKROOT = iphoneos;
				VALIDATE_PRODUCT = YES;
			};
			name = Release;
		};
		07B7343119F939A1006C8205 /* Debug */ = {
			isa = XCBuildConfiguration;
			buildSettings = {
				ASSETCATALOG_COMPILER_APPICON_NAME = AppIcon;
				CODE_SIGN_IDENTITY = "iPhone Developer";
				"CODE_SIGN_IDENTITY[sdk=iphoneos*]" = "iPhone Developer";
				INFOPLIST_FILE = Shot/Info.plist;
				LD_RUNPATH_SEARCH_PATHS = "$(inherited) @executable_path/Frameworks";
				PRODUCT_NAME = "$(TARGET_NAME)";
				PROVISIONING_PROFILE = "";
				TARGETED_DEVICE_FAMILY = 1;
			};
			name = Debug;
		};
		07B7343219F939A1006C8205 /* Release */ = {
			isa = XCBuildConfiguration;
			buildSettings = {
				ASSETCATALOG_COMPILER_APPICON_NAME = AppIcon;
				CODE_SIGN_IDENTITY = "iPhone Developer";
				"CODE_SIGN_IDENTITY[sdk=iphoneos*]" = "iPhone Developer";
				INFOPLIST_FILE = Shot/Info.plist;
				LD_RUNPATH_SEARCH_PATHS = "$(inherited) @executable_path/Frameworks";
				PRODUCT_NAME = "$(TARGET_NAME)";
				PROVISIONING_PROFILE = "";
				TARGETED_DEVICE_FAMILY = 1;
			};
			name = Release;
		};
		07B7343419F939A1006C8205 /* Debug */ = {
			isa = XCBuildConfiguration;
			buildSettings = {
				BUNDLE_LOADER = "$(TEST_HOST)";
				FRAMEWORK_SEARCH_PATHS = (
					"$(SDKROOT)/Developer/Library/Frameworks",
					"$(inherited)",
				);
				GCC_PREPROCESSOR_DEFINITIONS = (
					"DEBUG=1",
					"$(inherited)",
				);
				INFOPLIST_FILE = ShotTests/Info.plist;
				LD_RUNPATH_SEARCH_PATHS = "$(inherited) @executable_path/Frameworks @loader_path/Frameworks";
				PRODUCT_NAME = "$(TARGET_NAME)";
				TEST_HOST = "$(BUILT_PRODUCTS_DIR)/Shot.app/Shot";
			};
			name = Debug;
		};
		07B7343519F939A1006C8205 /* Release */ = {
			isa = XCBuildConfiguration;
			buildSettings = {
				BUNDLE_LOADER = "$(TEST_HOST)";
				FRAMEWORK_SEARCH_PATHS = (
					"$(SDKROOT)/Developer/Library/Frameworks",
					"$(inherited)",
				);
				INFOPLIST_FILE = ShotTests/Info.plist;
				LD_RUNPATH_SEARCH_PATHS = "$(inherited) @executable_path/Frameworks @loader_path/Frameworks";
				PRODUCT_NAME = "$(TARGET_NAME)";
				TEST_HOST = "$(BUILT_PRODUCTS_DIR)/Shot.app/Shot";
			};
			name = Release;
		};
		07B7344219F93A43006C8205 /* Debug */ = {
			isa = XCBuildConfiguration;
			buildSettings = {
				ASSETCATALOG_COMPILER_APPICON_NAME = AppIcon;
				INFOPLIST_FILE = "Shot copy-Info.plist";
				IPHONEOS_DEPLOYMENT_TARGET = 8.1;
				LD_RUNPATH_SEARCH_PATHS = "$(inherited) @executable_path/Frameworks";
				PRODUCT_NAME = "Shot-iPad";
				TARGETED_DEVICE_FAMILY = 2;
			};
			name = Debug;
		};
		07B7344319F93A43006C8205 /* Release */ = {
			isa = XCBuildConfiguration;
			buildSettings = {
				ASSETCATALOG_COMPILER_APPICON_NAME = AppIcon;
				INFOPLIST_FILE = "Shot copy-Info.plist";
				IPHONEOS_DEPLOYMENT_TARGET = 8.1;
				LD_RUNPATH_SEARCH_PATHS = "$(inherited) @executable_path/Frameworks";
				PRODUCT_NAME = "Shot-iPad";
				TARGETED_DEVICE_FAMILY = 2;
			};
			name = Release;
		};
/* End XCBuildConfiguration section */

/* Begin XCConfigurationList section */
		07B7340819F939A0006C8205 /* Build configuration list for PBXProject "Shot" */ = {
			isa = XCConfigurationList;
			buildConfigurations = (
				07B7342E19F939A1006C8205 /* Debug */,
				07B7342F19F939A1006C8205 /* Release */,
			);
			defaultConfigurationIsVisible = 0;
			defaultConfigurationName = Release;
		};
		07B7343019F939A1006C8205 /* Build configuration list for PBXNativeTarget "Shot" */ = {
			isa = XCConfigurationList;
			buildConfigurations = (
				07B7343119F939A1006C8205 /* Debug */,
				07B7343219F939A1006C8205 /* Release */,
			);
			defaultConfigurationIsVisible = 0;
			defaultConfigurationName = Release;
		};
		07B7343319F939A1006C8205 /* Build configuration list for PBXNativeTarget "ShotTests" */ = {
			isa = XCConfigurationList;
			buildConfigurations = (
				07B7343419F939A1006C8205 /* Debug */,
				07B7343519F939A1006C8205 /* Release */,
			);
			defaultConfigurationIsVisible = 0;
			defaultConfigurationName = Release;
		};
		07B7344119F93A43006C8205 /* Build configuration list for PBXNativeTarget "Shot-iPad" */ = {
			isa = XCConfigurationList;
			buildConfigurations = (
				07B7344219F93A43006C8205 /* Debug */,
				07B7344319F93A43006C8205 /* Release */,
			);
			defaultConfigurationIsVisible = 0;
			defaultConfigurationName = Release;
		};
/* End XCConfigurationList section */
	};
	rootObject = 07B7340519F939A0006C8205 /* Project object */;
}
